
Microsoft Visual Studio Solution File, Format Version 12.00
# Visual Studio Version 17
VisualStudioVersion = 17.4.33103.184
MinimumVisualStudioVersion = 10.0.40219.1
Project("{9A19103F-16F7-4668-BE54-9A1E7A4F7556}") = "RabbitMQ.Consumer", "RabbitMQ.Consumer\RabbitMQ.Consumer.csproj", "{BA07AAAC-875D-4078-BF29-0E5832217BD2}"
EndProject
Project("{9A19103F-16F7-4668-BE54-9A1E7A4F7556}") = "RabbitMQ.Publisher", "RabbitMQ.Publisher\RabbitMQ.Publisher.csproj", "{65DC8A44-9370-4005-A3F8-1506FC35EFC9}"
EndProject
Project("{9A19103F-16F7-4668-BE54-9A1E7A4F7556}") = "RabbitMQ.Direct.Exchange.Publisher", "RabbitMQ.Direct.Exchange.Publisher\RabbitMQ.Direct.Exchange.Publisher.csproj", "{053B05FC-5BB0-45E6-949B-6ED93D705E2C}"
EndProject
Project("{9A19103F-16F7-4668-BE54-9A1E7A4F7556}") = "RabbitMQ.Direct.Exchange.Consumer", "RabbitMQ.Direct.Exchange.Consumer\RabbitMQ.Direct.Exchange.Consumer.csproj", "{F9DD194F-F411-4D95-B48B-90BBC66D6CB7}"
EndProject
Project("{9A19103F-16F7-4668-BE54-9A1E7A4F7556}") = "RabbitMQ.Fanout.Exchange.Publisher", "RabbitMQ.Fanout.Exchange.Publisher\RabbitMQ.Fanout.Exchange.Publisher.csproj", "{EAE2B7A3-B956-489A-92DB-0B161F954F08}"
EndProject
Project("{9A19103F-16F7-4668-BE54-9A1E7A4F7556}") = "RabbitMQ.Fanout.Exchange.Consumer", "RabbitMQ.Fanout.Exchange.Consumer\RabbitMQ.Fanout.Exchange.Consumer.csproj", "{D12A2388-A5AC-4806-992D-FCF5C76F2F7D}"
EndProject
Project("{9A19103F-16F7-4668-BE54-9A1E7A4F7556}") = "RabbitMQ.Topic.Exchange.Consumer", "RabbitMQ.Topic.Exchange.Consumer\RabbitMQ.Topic.Exchange.Consumer.csproj", "{1EDB775F-C07A-4227-B153-1D9D66E5F016}"
EndProject
Project("{9A19103F-16F7-4668-BE54-9A1E7A4F7556}") = "RabbitMQ.Topic.Exchange.Publisher", "RabbitMQ.Topic.Exchange.Publisher\RabbitMQ.Topic.Exchange.Publisher.csproj", "{9FD80C64-55B7-40F3-9CAC-452150B95F0B}"
EndProject
Project("{9A19103F-16F7-4668-BE54-9A1E7A4F7556}") = "RabbitMQ.Header.Exchange.Consumer", "RabbitMQ.Header.Exchange.Consumer\RabbitMQ.Header.Exchange.Consumer.csproj", "{8E324261-5793-4FC8-9FDB-793C8C377F2C}"
EndProject
Project("{9A19103F-16F7-4668-BE54-9A1E7A4F7556}") = "RabbitMQ.Header.Exchange.Publisher", "RabbitMQ.Header.Exchange.Publisher\RabbitMQ.Header.Exchange.Publisher.csproj", "{59209E70-1C0F-4F4E-B17F-9606F78E2BC8}"
EndProject
Project("{9A19103F-16F7-4668-BE54-9A1E7A4F7556}") = "RabbitMQ.Message.Templates.Publisher", "RabbitMQ.Message.Templates.Publisher\RabbitMQ.Message.Templates.Publisher.csproj", "{DDF0C584-BE86-4572-ADB1-52A870452E94}"
EndProject
Project("{9A19103F-16F7-4668-BE54-9A1E7A4F7556}") = "RabbitMQ.Message.Templates.Consumer", "RabbitMQ.Message.Templates.Consumer\RabbitMQ.Message.Templates.Consumer.csproj", "{99493146-C944-4BBE-A9C7-326EE976FD16}"
EndProject
Project("{FAE04EC0-301F-11D3-BF4B-00C04F79EFBC}") = "RabbitMQ.ESB.MassTransit.Consumer", "RabbitMQ.ESB.MassTransit.Consumer\RabbitMQ.ESB.MassTransit.Consumer.csproj", "{2969D9C7-8649-4342-A29C-2182128F62C0}"
EndProject
Project("{FAE04EC0-301F-11D3-BF4B-00C04F79EFBC}") = "RabbitMQ.ESB.MassTransit.Publisher", "RabbitMQ.ESB.MassTransit.Publisher\RabbitMQ.ESB.MassTransit.Publisher.csproj", "{790B3A83-6565-4088-BF80-86FDE174FC86}"
EndProject
Project("{FAE04EC0-301F-11D3-BF4B-00C04F79EFBC}") = "RabbitMQ.ESB.MassTransit.WorkerService.Publisher", "RabbitMQ.ESB.MassTransit.WorkerService.Publisher\RabbitMQ.ESB.MassTransit.WorkerService.Publisher.csproj", "{8E2DA100-B6B6-44F0-996C-C89CCD4D058B}"
EndProject
Project("{FAE04EC0-301F-11D3-BF4B-00C04F79EFBC}") = "RabbitMQ.ESB.MassTransit.WorkerService.Consumer", "RabbitMQ.ESB.MassTransit.WorkerService.Consumer\RabbitMQ.ESB.MassTransit.WorkerService.Consumer.csproj", "{7E1D26D0-CE33-4C76-9CB5-D58A71A9ECF5}"
EndProject
Project("{FAE04EC0-301F-11D3-BF4B-00C04F79EFBC}") = "RabbitMQ.ESB.MassTransit.Shared", "RabbitMQ.ESB.MassTransit.Shared\RabbitMQ.ESB.MassTransit.Shared.csproj", "{02DCB5BE-44FB-4CCB-A900-ACF8ED0A7D9F}"
EndProject
Global
	GlobalSection(SolutionConfigurationPlatforms) = preSolution
		Debug|Any CPU = Debug|Any CPU
		Release|Any CPU = Release|Any CPU
	EndGlobalSection
	GlobalSection(ProjectConfigurationPlatforms) = postSolution
		{BA07AAAC-875D-4078-BF29-0E5832217BD2}.Debug|Any CPU.ActiveCfg = Debug|Any CPU
		{BA07AAAC-875D-4078-BF29-0E5832217BD2}.Debug|Any CPU.Build.0 = Debug|Any CPU
		{BA07AAAC-875D-4078-BF29-0E5832217BD2}.Release|Any CPU.ActiveCfg = Release|Any CPU
		{BA07AAAC-875D-4078-BF29-0E5832217BD2}.Release|Any CPU.Build.0 = Release|Any CPU
		{65DC8A44-9370-4005-A3F8-1506FC35EFC9}.Debug|Any CPU.ActiveCfg = Debug|Any CPU
		{65DC8A44-9370-4005-A3F8-1506FC35EFC9}.Debug|Any CPU.Build.0 = Debug|Any CPU
		{65DC8A44-9370-4005-A3F8-1506FC35EFC9}.Release|Any CPU.ActiveCfg = Release|Any CPU
		{65DC8A44-9370-4005-A3F8-1506FC35EFC9}.Release|Any CPU.Build.0 = Release|Any CPU
		{053B05FC-5BB0-45E6-949B-6ED93D705E2C}.Debug|Any CPU.ActiveCfg = Debug|Any CPU
		{053B05FC-5BB0-45E6-949B-6ED93D705E2C}.Debug|Any CPU.Build.0 = Debug|Any CPU
		{053B05FC-5BB0-45E6-949B-6ED93D705E2C}.Release|Any CPU.ActiveCfg = Release|Any CPU
		{053B05FC-5BB0-45E6-949B-6ED93D705E2C}.Release|Any CPU.Build.0 = Release|Any CPU
		{F9DD194F-F411-4D95-B48B-90BBC66D6CB7}.Debug|Any CPU.ActiveCfg = Debug|Any CPU
		{F9DD194F-F411-4D95-B48B-90BBC66D6CB7}.Debug|Any CPU.Build.0 = Debug|Any CPU
		{F9DD194F-F411-4D95-B48B-90BBC66D6CB7}.Release|Any CPU.ActiveCfg = Release|Any CPU
		{F9DD194F-F411-4D95-B48B-90BBC66D6CB7}.Release|Any CPU.Build.0 = Release|Any CPU
		{EAE2B7A3-B956-489A-92DB-0B161F954F08}.Debug|Any CPU.ActiveCfg = Debug|Any CPU
		{EAE2B7A3-B956-489A-92DB-0B161F954F08}.Debug|Any CPU.Build.0 = Debug|Any CPU
		{EAE2B7A3-B956-489A-92DB-0B161F954F08}.Release|Any CPU.ActiveCfg = Release|Any CPU
		{EAE2B7A3-B956-489A-92DB-0B161F954F08}.Release|Any CPU.Build.0 = Release|Any CPU
		{D12A2388-A5AC-4806-992D-FCF5C76F2F7D}.Debug|Any CPU.ActiveCfg = Debug|Any CPU
		{D12A2388-A5AC-4806-992D-FCF5C76F2F7D}.Debug|Any CPU.Build.0 = Debug|Any CPU
		{D12A2388-A5AC-4806-992D-FCF5C76F2F7D}.Release|Any CPU.ActiveCfg = Release|Any CPU
		{D12A2388-A5AC-4806-992D-FCF5C76F2F7D}.Release|Any CPU.Build.0 = Release|Any CPU
		{1EDB775F-C07A-4227-B153-1D9D66E5F016}.Debug|Any CPU.ActiveCfg = Debug|Any CPU
		{1EDB775F-C07A-4227-B153-1D9D66E5F016}.Debug|Any CPU.Build.0 = Debug|Any CPU
		{1EDB775F-C07A-4227-B153-1D9D66E5F016}.Release|Any CPU.ActiveCfg = Release|Any CPU
		{1EDB775F-C07A-4227-B153-1D9D66E5F016}.Release|Any CPU.Build.0 = Release|Any CPU
		{9FD80C64-55B7-40F3-9CAC-452150B95F0B}.Debug|Any CPU.ActiveCfg = Debug|Any CPU
		{9FD80C64-55B7-40F3-9CAC-452150B95F0B}.Debug|Any CPU.Build.0 = Debug|Any CPU
		{9FD80C64-55B7-40F3-9CAC-452150B95F0B}.Release|Any CPU.ActiveCfg = Release|Any CPU
		{9FD80C64-55B7-40F3-9CAC-452150B95F0B}.Release|Any CPU.Build.0 = Release|Any CPU
		{8E324261-5793-4FC8-9FDB-793C8C377F2C}.Debug|Any CPU.ActiveCfg = Debug|Any CPU
		{8E324261-5793-4FC8-9FDB-793C8C377F2C}.Debug|Any CPU.Build.0 = Debug|Any CPU
		{8E324261-5793-4FC8-9FDB-793C8C377F2C}.Release|Any CPU.ActiveCfg = Release|Any CPU
		{8E324261-5793-4FC8-9FDB-793C8C377F2C}.Release|Any CPU.Build.0 = Release|Any CPU
		{59209E70-1C0F-4F4E-B17F-9606F78E2BC8}.Debug|Any CPU.ActiveCfg = Debug|Any CPU
		{59209E70-1C0F-4F4E-B17F-9606F78E2BC8}.Debug|Any CPU.Build.0 = Debug|Any CPU
		{59209E70-1C0F-4F4E-B17F-9606F78E2BC8}.Release|Any CPU.ActiveCfg = Release|Any CPU
		{59209E70-1C0F-4F4E-B17F-9606F78E2BC8}.Release|Any CPU.Build.0 = Release|Any CPU
		{DDF0C584-BE86-4572-ADB1-52A870452E94}.Debug|Any CPU.ActiveCfg = Debug|Any CPU
		{DDF0C584-BE86-4572-ADB1-52A870452E94}.Debug|Any CPU.Build.0 = Debug|Any CPU
		{DDF0C584-BE86-4572-ADB1-52A870452E94}.Release|Any CPU.ActiveCfg = Release|Any CPU
		{DDF0C584-BE86-4572-ADB1-52A870452E94}.Release|Any CPU.Build.0 = Release|Any CPU
		{99493146-C944-4BBE-A9C7-326EE976FD16}.Debug|Any CPU.ActiveCfg = Debug|Any CPU
		{99493146-C944-4BBE-A9C7-326EE976FD16}.Debug|Any CPU.Build.0 = Debug|Any CPU
		{99493146-C944-4BBE-A9C7-326EE976FD16}.Release|Any CPU.ActiveCfg = Release|Any CPU
		{99493146-C944-4BBE-A9C7-326EE976FD16}.Release|Any CPU.Build.0 = Release|Any CPU
		{2969D9C7-8649-4342-A29C-2182128F62C0}.Debug|Any CPU.ActiveCfg = Debug|Any CPU
		{2969D9C7-8649-4342-A29C-2182128F62C0}.Debug|Any CPU.Build.0 = Debug|Any CPU
		{2969D9C7-8649-4342-A29C-2182128F62C0}.Release|Any CPU.ActiveCfg = Release|Any CPU
		{2969D9C7-8649-4342-A29C-2182128F62C0}.Release|Any CPU.Build.0 = Release|Any CPU
		{790B3A83-6565-4088-BF80-86FDE174FC86}.Debug|Any CPU.ActiveCfg = Debug|Any CPU
		{790B3A83-6565-4088-BF80-86FDE174FC86}.Debug|Any CPU.Build.0 = Debug|Any CPU
		{790B3A83-6565-4088-BF80-86FDE174FC86}.Release|Any CPU.ActiveCfg = Release|Any CPU
		{790B3A83-6565-4088-BF80-86FDE174FC86}.Release|Any CPU.Build.0 = Release|Any CPU
		{8E2DA100-B6B6-44F0-996C-C89CCD4D058B}.Debug|Any CPU.ActiveCfg = Debug|Any CPU
		{8E2DA100-B6B6-44F0-996C-C89CCD4D058B}.Debug|Any CPU.Build.0 = Debug|Any CPU
		{8E2DA100-B6B6-44F0-996C-C89CCD4D058B}.Release|Any CPU.ActiveCfg = Release|Any CPU
		{8E2DA100-B6B6-44F0-996C-C89CCD4D058B}.Release|Any CPU.Build.0 = Release|Any CPU
		{7E1D26D0-CE33-4C76-9CB5-D58A71A9ECF5}.Debug|Any CPU.ActiveCfg = Debug|Any CPU
		{7E1D26D0-CE33-4C76-9CB5-D58A71A9ECF5}.Debug|Any CPU.Build.0 = Debug|Any CPU
		{7E1D26D0-CE33-4C76-9CB5-D58A71A9ECF5}.Release|Any CPU.ActiveCfg = Release|Any CPU
		{7E1D26D0-CE33-4C76-9CB5-D58A71A9ECF5}.Release|Any CPU.Build.0 = Release|Any CPU
		{02DCB5BE-44FB-4CCB-A900-ACF8ED0A7D9F}.Debug|Any CPU.ActiveCfg = Debug|Any CPU
		{02DCB5BE-44FB-4CCB-A900-ACF8ED0A7D9F}.Debug|Any CPU.Build.0 = Debug|Any CPU
		{02DCB5BE-44FB-4CCB-A900-ACF8ED0A7D9F}.Release|Any CPU.ActiveCfg = Release|Any CPU
		{02DCB5BE-44FB-4CCB-A900-ACF8ED0A7D9F}.Release|Any CPU.Build.0 = Release|Any CPU
	EndGlobalSection
	GlobalSection(SolutionProperties) = preSolution
		HideSolutionNode = FALSE
	EndGlobalSection
	GlobalSection(ExtensibilityGlobals) = postSolution
		SolutionGuid = {039648EF-D615-46A4-9110-A46D91D0644B}
	EndGlobalSection
EndGlobal
